
Microsoft Visual Studio Solution File, Format Version 12.00
# Visual Studio Version 16
VisualStudioVersion = 16.0.29709.97
MinimumVisualStudioVersion = 10.0.40219.1
Project("{9A19103F-16F7-4668-BE54-9A1E7A4F7556}") = "Synker.Cli", "Synker.Cli\Synker.Cli.csproj", "{29A93B8B-185D-4E17-B842-17E17966484E}"
EndProject
Project("{9A19103F-16F7-4668-BE54-9A1E7A4F7556}") = "Synker.Domain.Tests", "Synker.Domain.Tests\Synker.Domain.Tests.csproj", "{029BA1E3-9E02-4CF6-BE04-CD87923C5485}"
EndProject
Project("{9A19103F-16F7-4668-BE54-9A1E7A4F7556}") = "Synker.Domain", "Synker.Domain\Synker.Domain.csproj", "{9FC8CCD9-2BC4-48CB-8017-459294DCCDFA}"
EndProject
Project("{9A19103F-16F7-4668-BE54-9A1E7A4F7556}") = "Synker.Service", "Synker.Service\Synker.Service.csproj", "{18A233E4-0C91-4426-99B0-80E753EF42A6}"
EndProject
Project("{9A19103F-16F7-4668-BE54-9A1E7A4F7556}") = "Synker.Infrastructure", "Synker.Infrastructure\Synker.Infrastructure.csproj", "{6E70AB94-2DA6-4EB1-B2AF-4F0CC761023B}"
EndProject
Project("{9A19103F-16F7-4668-BE54-9A1E7A4F7556}") = "Synker.Infrastructure.Tests", "Synker.Infrastructure.Tests\Synker.Infrastructure.Tests.csproj", "{6213B602-CA29-4236-9A78-8636FF120587}"
EndProject
Project("{9A19103F-16F7-4668-BE54-9A1E7A4F7556}") = "Synker.Web", "Synker.Web\Synker.Web.csproj", "{8A4F20C4-D770-465E-A243-AF87609E9E69}"
EndProject
Project("{9A19103F-16F7-4668-BE54-9A1E7A4F7556}") = "Synker.App", "Synker.App\Synker.App.csproj", "{106B947F-D467-4169-BA1E-9298ED18313D}"
EndProject
Project("{2150E333-8FDC-42A3-9474-1A3956D46DE8}") = "Domain", "Domain", "{E1FE98BE-0CE0-4C42-AF37-04407437918F}"
EndProject
Project("{2150E333-8FDC-42A3-9474-1A3956D46DE8}") = "Application", "Application", "{95AA55E7-ACD8-49D2-A51F-B1A8661AD9BA}"
EndProject
Project("{9A19103F-16F7-4668-BE54-9A1E7A4F7556}") = "Synker.UseCases", "Synker.UseCases\Synker.UseCases.csproj", "{9C44804E-F093-45F8-8C1E-55C0D926E70D}"
EndProject
Project("{2150E333-8FDC-42A3-9474-1A3956D46DE8}") = "Infrastructure", "Infrastructure", "{6EEF6D2B-046C-4539-9AD1-7568EE5CB700}"
EndProject
Project("{9A19103F-16F7-4668-BE54-9A1E7A4F7556}") = "Synker.UseCases.Common", "Synker.UseCases.Common\Synker.UseCases.Common.csproj", "{503D96D0-A128-402D-B3D2-68CED718EC59}"
EndProject
Project("{FAE04EC0-301F-11D3-BF4B-00C04F79EFBC}") = "Synker.Desktop", "Synker.Desktop\Synker.Desktop.csproj", "{76EA0604-88C6-4F8A-B9F6-52C2C350D3C9}"
EndProject
Global
	GlobalSection(SolutionConfigurationPlatforms) = preSolution
		Debug|Any CPU = Debug|Any CPU
		Release|Any CPU = Release|Any CPU
	EndGlobalSection
	GlobalSection(ProjectConfigurationPlatforms) = postSolution
		{29A93B8B-185D-4E17-B842-17E17966484E}.Debug|Any CPU.ActiveCfg = Debug|Any CPU
		{29A93B8B-185D-4E17-B842-17E17966484E}.Debug|Any CPU.Build.0 = Debug|Any CPU
		{29A93B8B-185D-4E17-B842-17E17966484E}.Release|Any CPU.ActiveCfg = Release|Any CPU
		{29A93B8B-185D-4E17-B842-17E17966484E}.Release|Any CPU.Build.0 = Release|Any CPU
		{029BA1E3-9E02-4CF6-BE04-CD87923C5485}.Debug|Any CPU.ActiveCfg = Debug|Any CPU
		{029BA1E3-9E02-4CF6-BE04-CD87923C5485}.Debug|Any CPU.Build.0 = Debug|Any CPU
		{029BA1E3-9E02-4CF6-BE04-CD87923C5485}.Release|Any CPU.ActiveCfg = Release|Any CPU
		{029BA1E3-9E02-4CF6-BE04-CD87923C5485}.Release|Any CPU.Build.0 = Release|Any CPU
		{9FC8CCD9-2BC4-48CB-8017-459294DCCDFA}.Debug|Any CPU.ActiveCfg = Debug|Any CPU
		{9FC8CCD9-2BC4-48CB-8017-459294DCCDFA}.Debug|Any CPU.Build.0 = Debug|Any CPU
		{9FC8CCD9-2BC4-48CB-8017-459294DCCDFA}.Release|Any CPU.ActiveCfg = Release|Any CPU
		{9FC8CCD9-2BC4-48CB-8017-459294DCCDFA}.Release|Any CPU.Build.0 = Release|Any CPU
		{18A233E4-0C91-4426-99B0-80E753EF42A6}.Debug|Any CPU.ActiveCfg = Debug|Any CPU
		{18A233E4-0C91-4426-99B0-80E753EF42A6}.Debug|Any CPU.Build.0 = Debug|Any CPU
		{18A233E4-0C91-4426-99B0-80E753EF42A6}.Release|Any CPU.ActiveCfg = Release|Any CPU
		{18A233E4-0C91-4426-99B0-80E753EF42A6}.Release|Any CPU.Build.0 = Release|Any CPU
		{6E70AB94-2DA6-4EB1-B2AF-4F0CC761023B}.Debug|Any CPU.ActiveCfg = Debug|Any CPU
		{6E70AB94-2DA6-4EB1-B2AF-4F0CC761023B}.Debug|Any CPU.Build.0 = Debug|Any CPU
		{6E70AB94-2DA6-4EB1-B2AF-4F0CC761023B}.Release|Any CPU.ActiveCfg = Release|Any CPU
		{6E70AB94-2DA6-4EB1-B2AF-4F0CC761023B}.Release|Any CPU.Build.0 = Release|Any CPU
		{6213B602-CA29-4236-9A78-8636FF120587}.Debug|Any CPU.ActiveCfg = Debug|Any CPU
		{6213B602-CA29-4236-9A78-8636FF120587}.Debug|Any CPU.Build.0 = Debug|Any CPU
		{6213B602-CA29-4236-9A78-8636FF120587}.Release|Any CPU.ActiveCfg = Release|Any CPU
		{6213B602-CA29-4236-9A78-8636FF120587}.Release|Any CPU.Build.0 = Release|Any CPU
		{8A4F20C4-D770-465E-A243-AF87609E9E69}.Debug|Any CPU.ActiveCfg = Debug|Any CPU
		{8A4F20C4-D770-465E-A243-AF87609E9E69}.Debug|Any CPU.Build.0 = Debug|Any CPU
		{8A4F20C4-D770-465E-A243-AF87609E9E69}.Release|Any CPU.ActiveCfg = Release|Any CPU
		{8A4F20C4-D770-465E-A243-AF87609E9E69}.Release|Any CPU.Build.0 = Release|Any CPU
		{106B947F-D467-4169-BA1E-9298ED18313D}.Debug|Any CPU.ActiveCfg = Debug|Any CPU
		{106B947F-D467-4169-BA1E-9298ED18313D}.Debug|Any CPU.Build.0 = Debug|Any CPU
		{106B947F-D467-4169-BA1E-9298ED18313D}.Release|Any CPU.ActiveCfg = Release|Any CPU
		{106B947F-D467-4169-BA1E-9298ED18313D}.Release|Any CPU.Build.0 = Release|Any CPU
		{9C44804E-F093-45F8-8C1E-55C0D926E70D}.Debug|Any CPU.ActiveCfg = Debug|Any CPU
		{9C44804E-F093-45F8-8C1E-55C0D926E70D}.Debug|Any CPU.Build.0 = Debug|Any CPU
		{9C44804E-F093-45F8-8C1E-55C0D926E70D}.Release|Any CPU.ActiveCfg = Release|Any CPU
		{9C44804E-F093-45F8-8C1E-55C0D926E70D}.Release|Any CPU.Build.0 = Release|Any CPU
		{503D96D0-A128-402D-B3D2-68CED718EC59}.Debug|Any CPU.ActiveCfg = Debug|Any CPU
		{503D96D0-A128-402D-B3D2-68CED718EC59}.Debug|Any CPU.Build.0 = Debug|Any CPU
		{503D96D0-A128-402D-B3D2-68CED718EC59}.Release|Any CPU.ActiveCfg = Release|Any CPU
		{503D96D0-A128-402D-B3D2-68CED718EC59}.Release|Any CPU.Build.0 = Release|Any CPU
		{76EA0604-88C6-4F8A-B9F6-52C2C350D3C9}.Debug|Any CPU.ActiveCfg = Debug|Any CPU
		{76EA0604-88C6-4F8A-B9F6-52C2C350D3C9}.Debug|Any CPU.Build.0 = Debug|Any CPU
		{76EA0604-88C6-4F8A-B9F6-52C2C350D3C9}.Release|Any CPU.ActiveCfg = Release|Any CPU
		{76EA0604-88C6-4F8A-B9F6-52C2C350D3C9}.Release|Any CPU.Build.0 = Release|Any CPU
	EndGlobalSection
	GlobalSection(SolutionProperties) = preSolution
		HideSolutionNode = FALSE
	EndGlobalSection
	GlobalSection(NestedProjects) = preSolution
		{29A93B8B-185D-4E17-B842-17E17966484E} = {95AA55E7-ACD8-49D2-A51F-B1A8661AD9BA}
		{029BA1E3-9E02-4CF6-BE04-CD87923C5485} = {E1FE98BE-0CE0-4C42-AF37-04407437918F}
		{9FC8CCD9-2BC4-48CB-8017-459294DCCDFA} = {E1FE98BE-0CE0-4C42-AF37-04407437918F}
		{18A233E4-0C91-4426-99B0-80E753EF42A6} = {95AA55E7-ACD8-49D2-A51F-B1A8661AD9BA}
		{6E70AB94-2DA6-4EB1-B2AF-4F0CC761023B} = {6EEF6D2B-046C-4539-9AD1-7568EE5CB700}
		{6213B602-CA29-4236-9A78-8636FF120587} = {6EEF6D2B-046C-4539-9AD1-7568EE5CB700}
		{8A4F20C4-D770-465E-A243-AF87609E9E69} = {95AA55E7-ACD8-49D2-A51F-B1A8661AD9BA}
		{106B947F-D467-4169-BA1E-9298ED18313D} = {95AA55E7-ACD8-49D2-A51F-B1A8661AD9BA}
		{9C44804E-F093-45F8-8C1E-55C0D926E70D} = {E1FE98BE-0CE0-4C42-AF37-04407437918F}
		{503D96D0-A128-402D-B3D2-68CED718EC59} = {E1FE98BE-0CE0-4C42-AF37-04407437918F}
		{76EA0604-88C6-4F8A-B9F6-52C2C350D3C9} = {95AA55E7-ACD8-49D2-A51F-B1A8661AD9BA}
	EndGlobalSection
	GlobalSection(ExtensibilityGlobals) = postSolution
		SolutionGuid = {90999EA9-63A2-4A61-B5F0-F92AA55B0526}
	EndGlobalSection
EndGlobal
